<Solution>
  <Folder Name="/Solution Items/">
    <File Path="README.md" />
    <File Path="LICENSE.txt" />
  </Folder>
  <Folder Name="/pack/">
    <Project Path="MvvmAIO.Markup.Pack/MvvmAIO.Markup.Pack.csproj" />
  </Folder>
  <Folder Name="/platforms/">
    <Project Path="MvvmAIO.Markup.Avalonia/MvvmAIO.Markup.Avalonia.csproj" />
    <Project Path="MvvmAIO.Markup.WPF/MvvmAIO.Markup.WPF.csproj" />
  </Folder>
  <Folder Name="/samples/">
    <Project Path="Samples.WPF/Samples.WPF.csproj" />
  </Folder>
  <Project Path="MvvmAIO.Markup.Shared/MvvmAIO.Markup.Shared.shproj" />
</Solution>
